
Microsoft Visual Studio Solution File, Format Version 12.00
# Visual Studio Version 17
VisualStudioVersion = 17.5.33530.505
MinimumVisualStudioVersion = 10.0.40219.1
Project("{FAE04EC0-301F-11D3-BF4B-00C04F79EFBC}") = "TMS_Autotests", "TMS_Autotests\TMS_Autotests.csproj", "{277D5AE9-4D72-4BFC-A8DD-409016AC7266}"
EndProject
Global
	GlobalSection(SolutionConfigurationPlatforms) = preSolution
		Debug|Any CPU = Debug|Any CPU
		Release|Any CPU = Release|Any CPU
	EndGlobalSection
	GlobalSection(ProjectConfigurationPlatforms) = postSolution
		{277D5AE9-4D72-4BFC-A8DD-409016AC7266}.Debug|Any CPU.ActiveCfg = Debug|Any CPU
		{277D5AE9-4D72-4BFC-A8DD-409016AC7266}.Debug|Any CPU.Build.0 = Debug|Any CPU
		{277D5AE9-4D72-4BFC-A8DD-409016AC7266}.Release|Any CPU.ActiveCfg = Release|Any CPU
		{277D5AE9-4D72-4BFC-A8DD-409016AC7266}.Release|Any CPU.Build.0 = Release|Any CPU
	EndGlobalSection
	GlobalSection(SolutionProperties) = preSolution
		HideSolutionNode = FALSE
	EndGlobalSection
	GlobalSection(ExtensibilityGlobals) = postSolution
		SolutionGuid = {BAB8C6BB-646D-4AB5-BDB5-B124CDFF1104}
	EndGlobalSection
EndGlobal
